// !$*UTF8*$!
{
	archiveVersion = 1;
	classes = {
	};
	objectVersion = 77;
	objects = {

/* Begin PBXContainerItemProxy section */
		2D6245592DDADB610048E9C9 /* PBXContainerItemProxy */ = {
			isa = PBXContainerItemProxy;
			containerPortal = 2D6245422DDADB600048E9C9 /* Project object */;
			proxyType = 1;
			remoteGlobalIDString = 2D6245492DDADB600048E9C9;
			remoteInfo = "single-tab";
		};
		2D6245632DDADB610048E9C9 /* PBXContainerItemProxy */ = {
			isa = PBXContainerItemProxy;
			containerPortal = 2D6245422DDADB600048E9C9 /* Project object */;
			proxyType = 1;
			remoteGlobalIDString = 2D6245492DDADB600048E9C9;
			remoteInfo = "single-tab";
		};
/* End PBXContainerItemProxy section */

/* Begin PBXFileReference section */
		2D62454A2DDADB600048E9C9 /* single-tab.app */ = {isa = PBXFileReference; explicitFileType = wrapper.application; includeInIndex = 0; path = "single-tab.app"; sourceTree = BUILT_PRODUCTS_DIR; };
		2D6245582DDADB610048E9C9 /* single-tabTests.xctest */ = {isa = PBXFileReference; explicitFileType = wrapper.cfbundle; includeInIndex = 0; path = "single-tabTests.xctest"; sourceTree = BUILT_PRODUCTS_DIR; };
		2D6245622DDADB610048E9C9 /* single-tabUITests.xctest */ = {isa = PBXFileReference; explicitFileType = wrapper.cfbundle; includeInIndex = 0; path = "single-tabUITests.xctest"; sourceTree = BUILT_PRODUCTS_DIR; };
/* End PBXFileReference section */

/* Begin PBXFileSystemSynchronizedRootGroup section */
		2D62454C2DDADB600048E9C9 /* single-tab */ = {
			isa = PBXFileSystemSynchronizedRootGroup;
			path = "single-tab";
			sourceTree = "<group>";
		};
		2D62455B2DDADB610048E9C9 /* single-tabTests */ = {
			isa = PBXFileSystemSynchronizedRootGroup;
			path = "single-tabTests";
			sourceTree = "<group>";
		};
		2D6245652DDADB610048E9C9 /* single-tabUITests */ = {
			isa = PBXFileSystemSynchronizedRootGroup;
			path = "single-tabUITests";
			sourceTree = "<group>";
		};
/* End PBXFileSystemSynchronizedRootGroup section */

/* Begin PBXFrameworksBuildPhase section */
		2D6245472DDADB600048E9C9 /* Frameworks */ = {
			isa = PBXFrameworksBuildPhase;
			buildActionMask = 2147483647;
			files = (
			);
			runOnlyForDeploymentPostprocessing = 0;
		};
		2D6245552DDADB610048E9C9 /* Frameworks */ = {
			isa = PBXFrameworksBuildPhase;
			buildActionMask = 2147483647;
			files = (
			);
			runOnlyForDeploymentPostprocessing = 0;
		};
		2D62455F2DDADB610048E9C9 /* Frameworks */ = {
			isa = PBXFrameworksBuildPhase;
			buildActionMask = 2147483647;
			files = (
			);
			runOnlyForDeploymentPostprocessing = 0;
		};
/* End PBXFrameworksBuildPhase section */

/* Begin PBXGroup section */
		2D6245412DDADB600048E9C9 = {
			isa = PBXGroup;
			children = (
				2D62454C2DDADB600048E9C9 /* single-tab */,
				2D62455B2DDADB610048E9C9 /* single-tabTests */,
				2D6245652DDADB610048E9C9 /* single-tabUITests */,
				2D62454B2DDADB600048E9C9 /* Products */,
			);
			sourceTree = "<group>";
		};
		2D62454B2DDADB600048E9C9 /* Products */ = {
			isa = PBXGroup;
			children = (
				2D62454A2DDADB600048E9C9 /* single-tab.app */,
				2D6245582DDADB610048E9C9 /* single-tabTests.xctest */,
				2D6245622DDADB610048E9C9 /* single-tabUITests.xctest */,
			);
			name = Products;
			sourceTree = "<group>";
		};
/* End PBXGroup section */

/* Begin PBXNativeTarget section */
		2D6245492DDADB600048E9C9 /* single-tab */ = {
			isa = PBXNativeTarget;
			buildConfigurationList = 2D62456C2DDADB610048E9C9 /* Build configuration list for PBXNativeTarget "single-tab" */;
			buildPhases = (
				2D6245462DDADB600048E9C9 /* Sources */,
				2D6245472DDADB600048E9C9 /* Frameworks */,
				2D6245482DDADB600048E9C9 /* Resources */,
			);
			buildRules = (
			);
			dependencies = (
			);
			fileSystemSynchronizedGroups = (
				2D62454C2DDADB600048E9C9 /* single-tab */,
			);
			name = "single-tab";
			packageProductDependencies = (
			);
			productName = "single-tab";
			productReference = 2D62454A2DDADB600048E9C9 /* single-tab.app */;
			productType = "com.apple.product-type.application";
		};
		2D6245572DDADB610048E9C9 /* single-tabTests */ = {
			isa = PBXNativeTarget;
			buildConfigurationList = 2D62456F2DDADB610048E9C9 /* Build configuration list for PBXNativeTarget "single-tabTests" */;
			buildPhases = (
				2D6245542DDADB610048E9C9 /* Sources */,
				2D6245552DDADB610048E9C9 /* Frameworks */,
				2D6245562DDADB610048E9C9 /* Resources */,
			);
			buildRules = (
			);
			dependencies = (
				2D62455A2DDADB610048E9C9 /* PBXTargetDependency */,
			);
			fileSystemSynchronizedGroups = (
				2D62455B2DDADB610048E9C9 /* single-tabTests */,
			);
			name = "single-tabTests";
			packageProductDependencies = (
			);
			productName = "single-tabTests";
			productReference = 2D6245582DDADB610048E9C9 /* single-tabTests.xctest */;
			productType = "com.apple.product-type.bundle.unit-test";
		};
		2D6245612DDADB610048E9C9 /* single-tabUITests */ = {
			isa = PBXNativeTarget;
			buildConfigurationList = 2D6245722DDADB610048E9C9 /* Build configuration list for PBXNativeTarget "single-tabUITests" */;
			buildPhases = (
				2D62455E2DDADB610048E9C9 /* Sources */,
				2D62455F2DDADB610048E9C9 /* Frameworks */,
				2D6245602DDADB610048E9C9 /* Resources */,
			);
			buildRules = (
			);
			dependencies = (
				2D6245642DDADB610048E9C9 /* PBXTargetDependency */,
			);
			fileSystemSynchronizedGroups = (
				2D6245652DDADB610048E9C9 /* single-tabUITests */,
			);
			name = "single-tabUITests";
			packageProductDependencies = (
			);
			productName = "single-tabUITests";
			productReference = 2D6245622DDADB610048E9C9 /* single-tabUITests.xctest */;
			productType = "com.apple.product-type.bundle.ui-testing";
		};
/* End PBXNativeTarget section */

/* Begin PBXProject section */
		2D6245422DDADB600048E9C9 /* Project object */ = {
			isa = PBXProject;
			attributes = {
				BuildIndependentTargetsInParallel = 1;
				LastSwiftUpdateCheck = 1630;
				LastUpgradeCheck = 1630;
				TargetAttributes = {
					2D6245492DDADB600048E9C9 = {
						CreatedOnToolsVersion = 16.3;
					};
					2D6245572DDADB610048E9C9 = {
						CreatedOnToolsVersion = 16.3;
						TestTargetID = 2D6245492DDADB600048E9C9;
					};
					2D6245612DDADB610048E9C9 = {
						CreatedOnToolsVersion = 16.3;
						TestTargetID = 2D6245492DDADB600048E9C9;
					};
				};
			};
			buildConfigurationList = 2D6245452DDADB600048E9C9 /* Build configuration list for PBXProject "single-tab" */;
			developmentRegion = en;
			hasScannedForEncodings = 0;
			knownRegions = (
				en,
				Base,
			);
			mainGroup = 2D6245412DDADB600048E9C9;
			minimizedProjectReferenceProxies = 1;
			preferredProjectObjectVersion = 77;
			productRefGroup = 2D62454B2DDADB600048E9C9 /* Products */;
			projectDirPath = "";
			projectRoot = "";
			targets = (
				2D6245492DDADB600048E9C9 /* single-tab */,
				2D6245572DDADB610048E9C9 /* single-tabTests */,
				2D6245612DDADB610048E9C9 /* single-tabUITests */,
			);
		};
/* End PBXProject section */

/* Begin PBXResourcesBuildPhase section */
		2D6245482DDADB600048E9C9 /* Resources */ = {
			isa = PBXResourcesBuildPhase;
			buildActionMask = 2147483647;
			files = (
			);
			runOnlyForDeploymentPostprocessing = 0;
		};
		2D6245562DDADB610048E9C9 /* Resources */ = {
			isa = PBXResourcesBuildPhase;
			buildActionMask = 2147483647;
			files = (
			);
			runOnlyForDeploymentPostprocessing = 0;
		};
		2D6245602DDADB610048E9C9 /* Resources */ = {
			isa = PBXResourcesBuildPhase;
			buildActionMask = 2147483647;
			files = (
			);
			runOnlyForDeploymentPostprocessing = 0;
		};
/* End PBXResourcesBuildPhase section */

/* Begin PBXSourcesBuildPhase section */
		2D6245462DDADB600048E9C9 /* Sources */ = {
			isa = PBXSourcesBuildPhase;
			buildActionMask = 2147483647;
			files = (
			);
			runOnlyForDeploymentPostprocessing = 0;
		};
		2D6245542DDADB610048E9C9 /* Sources */ = {
			isa = PBXSourcesBuildPhase;
			buildActionMask = 2147483647;
			files = (
			);
			runOnlyForDeploymentPostprocessing = 0;
		};
		2D62455E2DDADB610048E9C9 /* Sources */ = {
			isa = PBXSourcesBuildPhase;
			buildActionMask = 2147483647;
			files = (
			);
			runOnlyForDeploymentPostprocessing = 0;
		};
/* End PBXSourcesBuildPhase section */

/* Begin PBXTargetDependency section */
		2D62455A2DDADB610048E9C9 /* PBXTargetDependency */ = {
			isa = PBXTargetDependency;
			target = 2D6245492DDADB600048E9C9 /* single-tab */;
			targetProxy = 2D6245592DDADB610048E9C9 /* PBXContainerItemProxy */;
		};
		2D6245642DDADB610048E9C9 /* PBXTargetDependency */ = {
			isa = PBXTargetDependency;
			target = 2D6245492DDADB600048E9C9 /* single-tab */;
			targetProxy = 2D6245632DDADB610048E9C9 /* PBXContainerItemProxy */;
		};
/* End PBXTargetDependency section */

/* Begin XCBuildConfiguration section */
		2D62456A2DDADB610048E9C9 /* Debug */ = {
			isa = XCBuildConfiguration;
			buildSettings = {
				ALWAYS_SEARCH_USER_PATHS = NO;
				ASSETCATALOG_COMPILER_GENERATE_SWIFT_ASSET_SYMBOL_EXTENSIONS = YES;
				CLANG_ANALYZER_NONNULL = YES;
				CLANG_ANALYZER_NUMBER_OBJECT_CONVERSION = YES_AGGRESSIVE;
				CLANG_CXX_LANGUAGE_STANDARD = "gnu++20";
				CLANG_ENABLE_MODULES = YES;
				CLANG_ENABLE_OBJC_ARC = YES;
				CLANG_ENABLE_OBJC_WEAK = YES;
				CLANG_WARN_BLOCK_CAPTURE_AUTORELEASING = YES;
				CLANG_WARN_BOOL_CONVERSION = YES;
				CLANG_WARN_COMMA = YES;
				CLANG_WARN_CONSTANT_CONVERSION = YES;
				CLANG_WARN_DEPRECATED_OBJC_IMPLEMENTATIONS = YES;
				CLANG_WARN_DIRECT_OBJC_ISA_USAGE = YES_ERROR;
				CLANG_WARN_DOCUMENTATION_COMMENTS = YES;
				CLANG_WARN_EMPTY_BODY = YES;
				CLANG_WARN_ENUM_CONVERSION = YES;
				CLANG_WARN_INFINITE_RECURSION = YES;
				CLANG_WARN_INT_CONVERSION = YES;
				CLANG_WARN_NON_LITERAL_NULL_CONVERSION = YES;
				CLANG_WARN_OBJC_IMPLICIT_RETAIN_SELF = YES;
				CLANG_WARN_OBJC_LITERAL_CONVERSION = YES;
				CLANG_WARN_OBJC_ROOT_CLASS = YES_ERROR;
				CLANG_WARN_QUOTED_INCLUDE_IN_FRAMEWORK_HEADER = YES;
				CLANG_WARN_RANGE_LOOP_ANALYSIS = YES;
				CLANG_WARN_STRICT_PROTOTYPES = YES;
				CLANG_WARN_SUSPICIOUS_MOVE = YES;
				CLANG_WARN_UNGUARDED_AVAILABILITY = YES_AGGRESSIVE;
				CLANG_WARN_UNREACHABLE_CODE = YES;
				CLANG_WARN__DUPLICATE_METHOD_MATCH = YES;
				COPY_PHASE_STRIP = NO;
				DEBUG_INFORMATION_FORMAT = dwarf;
				DEVELOPMENT_TEAM = HXV2NNGP22;
				ENABLE_STRICT_OBJC_MSGSEND = YES;
				ENABLE_TESTABILITY = YES;
				ENABLE_USER_SCRIPT_SANDBOXING = YES;
				GCC_C_LANGUAGE_STANDARD = gnu17;
				GCC_DYNAMIC_NO_PIC = NO;
				GCC_NO_COMMON_BLOCKS = YES;
				GCC_OPTIMIZATION_LEVEL = 0;
				GCC_PREPROCESSOR_DEFINITIONS = (
					"DEBUG=1",
					"$(inherited)",
				);
				GCC_WARN_64_TO_32_BIT_CONVERSION = YES;
				GCC_WARN_ABOUT_RETURN_TYPE = YES_ERROR;
				GCC_WARN_UNDECLARED_SELECTOR = YES;
				GCC_WARN_UNINITIALIZED_AUTOS = YES_AGGRESSIVE;
				GCC_WARN_UNUSED_FUNCTION = YES;
				GCC_WARN_UNUSED_VARIABLE = YES;
				LOCALIZATION_PREFERS_STRING_CATALOGS = YES;
				MACOSX_DEPLOYMENT_TARGET = 15.3;
				MTL_ENABLE_DEBUG_INFO = INCLUDE_SOURCE;
				MTL_FAST_MATH = YES;
				ONLY_ACTIVE_ARCH = YES;
				SDKROOT = macosx;
				SWIFT_ACTIVE_COMPILATION_CONDITIONS = "DEBUG $(inherited)";
				SWIFT_OPTIMIZATION_LEVEL = "-Onone";
			};
			name = Debug;
		};
		2D62456B2DDADB610048E9C9 /* Release */ = {
			isa = XCBuildConfiguration;
			buildSettings = {
				ALWAYS_SEARCH_USER_PATHS = NO;
				ASSETCATALOG_COMPILER_GENERATE_SWIFT_ASSET_SYMBOL_EXTENSIONS = YES;
				CLANG_ANALYZER_NONNULL = YES;
				CLANG_ANALYZER_NUMBER_OBJECT_CONVERSION = YES_AGGRESSIVE;
				CLANG_CXX_LANGUAGE_STANDARD = "gnu++20";
				CLANG_ENABLE_MODULES = YES;
				CLANG_ENABLE_OBJC_ARC = YES;
				CLANG_ENABLE_OBJC_WEAK = YES;
				CLANG_WARN_BLOCK_CAPTURE_AUTORELEASING = YES;
				CLANG_WARN_BOOL_CONVERSION = YES;
				CLANG_WARN_COMMA = YES;
				CLANG_WARN_CONSTANT_CONVERSION = YES;
				CLANG_WARN_DEPRECATED_OBJC_IMPLEMENTATIONS = YES;
				CLANG_WARN_DIRECT_OBJC_ISA_USAGE = YES_ERROR;
				CLANG_WARN_DOCUMENTATION_COMMENTS = YES;
				CLANG_WARN_EMPTY_BODY = YES;
				CLANG_WARN_ENUM_CONVERSION = YES;
				CLANG_WARN_INFINITE_RECURSION = YES;
				CLANG_WARN_INT_CONVERSION = YES;
				CLANG_WARN_NON_LITERAL_NULL_CONVERSION = YES;
				CLANG_WARN_OBJC_IMPLICIT_RETAIN_SELF = YES;
				CLANG_WARN_OBJC_LITERAL_CONVERSION = YES;
				CLANG_WARN_OBJC_ROOT_CLASS = YES_ERROR;
				CLANG_WARN_QUOTED_INCLUDE_IN_FRAMEWORK_HEADER = YES;
				CLANG_WARN_RANGE_LOOP_ANALYSIS = YES;
				CLANG_WARN_STRICT_PROTOTYPES = YES;
				CLANG_WARN_SUSPICIOUS_MOVE = YES;
				CLANG_WARN_UNGUARDED_AVAILABILITY = YES_AGGRESSIVE;
				CLANG_WARN_UNREACHABLE_CODE = YES;
				CLANG_WARN__DUPLICATE_METHOD_MATCH = YES;
				COPY_PHASE_STRIP = NO;
				DEBUG_INFORMATION_FORMAT = "dwarf-with-dsym";
				DEVELOPMENT_TEAM = HXV2NNGP22;
				ENABLE_NS_ASSERTIONS = NO;
				ENABLE_STRICT_OBJC_MSGSEND = YES;
				ENABLE_USER_SCRIPT_SANDBOXING = YES;
				GCC_C_LANGUAGE_STANDARD = gnu17;
				GCC_NO_COMMON_BLOCKS = YES;
				GCC_WARN_64_TO_32_BIT_CONVERSION = YES;
				GCC_WARN_ABOUT_RETURN_TYPE = YES_ERROR;
				GCC_WARN_UNDECLARED_SELECTOR = YES;
				GCC_WARN_UNINITIALIZED_AUTOS = YES_AGGRESSIVE;
				GCC_WARN_UNUSED_FUNCTION = YES;
				GCC_WARN_UNUSED_VARIABLE = YES;
				LOCALIZATION_PREFERS_STRING_CATALOGS = YES;
				MACOSX_DEPLOYMENT_TARGET = 15.3;
				MTL_ENABLE_DEBUG_INFO = NO;
				MTL_FAST_MATH = YES;
				SDKROOT = macosx;
				SWIFT_COMPILATION_MODE = wholemodule;
			};
			name = Release;
		};
		2D62456D2DDADB610048E9C9 /* Debug */ = {
			isa = XCBuildConfiguration;
			buildSettings = {
				ASSETCATALOG_COMPILER_APPICON_NAME = AppIcon;
				ASSETCATALOG_COMPILER_GLOBAL_ACCENT_COLOR_NAME = AccentColor;
				CODE_SIGN_ENTITLEMENTS = "single-tab/single_tab.entitlements";
				CODE_SIGN_STYLE = Automatic;
				COMBINE_HIDPI_IMAGES = YES;
				CURRENT_PROJECT_VERSION = 1;
				DEVELOPMENT_TEAM = HXV2NNGP22;
				ENABLE_HARDENED_RUNTIME = YES;
				ENABLE_PREVIEWS = YES;
				GENERATE_INFOPLIST_FILE = YES;
				INFOPLIST_KEY_CFBundleDisplayName = "Single Tab Browser";
				INFOPLIST_KEY_LSApplicationCategoryType = "public.app-category.productivity";
				INFOPLIST_KEY_NSHumanReadableCopyright = "";
				LD_RUNPATH_SEARCH_PATHS = (
					"$(inherited)",
					"@executable_path/../Frameworks",
				);
				MACOSX_DEPLOYMENT_TARGET = 12.4;
				MARKETING_VERSION = 1.0;
				PRODUCT_BUNDLE_IDENTIFIER = "ios.single-tab";
				PRODUCT_NAME = "$(TARGET_NAME)";
				REGISTER_APP_GROUPS = YES;
				SWIFT_EMIT_LOC_STRINGS = YES;
				SWIFT_VERSION = 5.0;
			};
			name = Debug;
		};
		2D62456E2DDADB610048E9C9 /* Release */ = {
			isa = XCBuildConfiguration;
			buildSettings = {
				ASSETCATALOG_COMPILER_APPICON_NAME = AppIcon;
				ASSETCATALOG_COMPILER_GLOBAL_ACCENT_COLOR_NAME = AccentColor;
				CODE_SIGN_ENTITLEMENTS = "single-tab/single_tab.entitlements";
				CODE_SIGN_STYLE = Automatic;
				COMBINE_HIDPI_IMAGES = YES;
				CURRENT_PROJECT_VERSION = 1;
				DEVELOPMENT_TEAM = HXV2NNGP22;
				ENABLE_HARDENED_RUNTIME = YES;
				ENABLE_PREVIEWS = YES;
				GENERATE_INFOPLIST_FILE = YES;
				INFOPLIST_KEY_CFBundleDisplayName = "Single Tab Browser";
				INFOPLIST_KEY_LSApplicationCategoryType = "public.app-category.productivity";
				INFOPLIST_KEY_NSHumanReadableCopyright = "";
				LD_RUNPATH_SEARCH_PATHS = (
					"$(inherited)",
					"@executable_path/../Frameworks",
				);
				MACOSX_DEPLOYMENT_TARGET = 12.4;
				MARKETING_VERSION = 1.0;
				PRODUCT_BUNDLE_IDENTIFIER = "ios.single-tab";
				PRODUCT_NAME = "$(TARGET_NAME)";
				REGISTER_APP_GROUPS = YES;
				SWIFT_EMIT_LOC_STRINGS = YES;
				SWIFT_VERSION = 5.0;
			};
			name = Release;
		};
		2D6245702DDADB610048E9C9 /* Debug */ = {
			isa = XCBuildConfiguration;
			buildSettings = {
				BUNDLE_LOADER = "$(TEST_HOST)";
				CODE_SIGN_STYLE = Automatic;
				CURRENT_PROJECT_VERSION = 1;
				DEVELOPMENT_TEAM = HXV2NNGP22;
				GENERATE_INFOPLIST_FILE = YES;
				MACOSX_DEPLOYMENT_TARGET = 15.3;
				MARKETING_VERSION = 1.0;
				PRODUCT_BUNDLE_IDENTIFIER = "ios.single-tabTests";
				PRODUCT_NAME = "$(TARGET_NAME)";
				SWIFT_EMIT_LOC_STRINGS = NO;
				SWIFT_VERSION = 5.0;
				TEST_HOST = "$(BUILT_PRODUCTS_DIR)/single-tab.app/$(BUNDLE_EXECUTABLE_FOLDER_PATH)/single-tab";
			};
			name = Debug;
		};
		2D6245712DDADB610048E9C9 /* Release */ = {
			isa = XCBuildConfiguration;
			buildSettings = {
				BUNDLE_LOADER = "$(TEST_HOST)";
				CODE_SIGN_STYLE = Automatic;
				CURRENT_PROJECT_VERSION = 1;
				DEVELOPMENT_TEAM = HXV2NNGP22;
				GENERATE_INFOPLIST_FILE = YES;
				MACOSX_DEPLOYMENT_TARGET = 15.3;
				MARKETING_VERSION = 1.0;
				PRODUCT_BUNDLE_IDENTIFIER = "ios.single-tabTests";
				PRODUCT_NAME = "$(TARGET_NAME)";
				SWIFT_EMIT_LOC_STRINGS = NO;
				SWIFT_VERSION = 5.0;
				TEST_HOST = "$(BUILT_PRODUCTS_DIR)/single-tab.app/$(BUNDLE_EXECUTABLE_FOLDER_PATH)/single-tab";
			};
			name = Release;
		};
		2D6245732DDADB610048E9C9 /* Debug */ = {
			isa = XCBuildConfiguration;
			buildSettings = {
				CODE_SIGN_STYLE = Automatic;
				CURRENT_PROJECT_VERSION = 1;
				DEVELOPMENT_TEAM = HXV2NNGP22;
				GENERATE_INFOPLIST_FILE = YES;
				MARKETING_VERSION = 1.0;
				PRODUCT_BUNDLE_IDENTIFIER = "ios.single-tabUITests";
				PRODUCT_NAME = "$(TARGET_NAME)";
				SWIFT_EMIT_LOC_STRINGS = NO;
				SWIFT_VERSION = 5.0;
				TEST_TARGET_NAME = "single-tab";
			};
			name = Debug;
		};
		2D6245742DDADB610048E9C9 /* Release */ = {
			isa = XCBuildConfiguration;
			buildSettings = {
				CODE_SIGN_STYLE = Automatic;
				CURRENT_PROJECT_VERSION = 1;
				DEVELOPMENT_TEAM = HXV2NNGP22;
				GENERATE_INFOPLIST_FILE = YES;
				MARKETING_VERSION = 1.0;
				PRODUCT_BUNDLE_IDENTIFIER = "ios.single-tabUITests";
				PRODUCT_NAME = "$(TARGET_NAME)";
				SWIFT_EMIT_LOC_STRINGS = NO;
				SWIFT_VERSION = 5.0;
				TEST_TARGET_NAME = "single-tab";
			};
			name = Release;
		};
/* End XCBuildConfiguration section */

/* Begin XCConfigurationList section */
		2D6245452DDADB600048E9C9 /* Build configuration list for PBXProject "single-tab" */ = {
			isa = XCConfigurationList;
			buildConfigurations = (
				2D62456A2DDADB610048E9C9 /* Debug */,
				2D62456B2DDADB610048E9C9 /* Release */,
			);
			defaultConfigurationIsVisible = 0;
			defaultConfigurationName = Release;
		};
		2D62456C2DDADB610048E9C9 /* Build configuration list for PBXNativeTarget "single-tab" */ = {
			isa = XCConfigurationList;
			buildConfigurations = (
				2D62456D2DDADB610048E9C9 /* Debug */,
				2D62456E2DDADB610048E9C9 /* Release */,
			);
			defaultConfigurationIsVisible = 0;
			defaultConfigurationName = Release;
		};
		2D62456F2DDADB610048E9C9 /* Build configuration list for PBXNativeTarget "single-tabTests" */ = {
			isa = XCConfigurationList;
			buildConfigurations = (
				2D6245702DDADB610048E9C9 /* Debug */,
				2D6245712DDADB610048E9C9 /* Release */,
			);
			defaultConfigurationIsVisible = 0;
			defaultConfigurationName = Release;
		};
		2D6245722DDADB610048E9C9 /* Build configuration list for PBXNativeTarget "single-tabUITests" */ = {
			isa = XCConfigurationList;
			buildConfigurations = (
				2D6245732DDADB610048E9C9 /* Debug */,
				2D6245742DDADB610048E9C9 /* Release */,
			);
			defaultConfigurationIsVisible = 0;
			defaultConfigurationName = Release;
		};
/* End XCConfigurationList section */
	};
	rootObject = 2D6245422DDADB600048E9C9 /* Project object */;
}
